
Microsoft Visual Studio Solution File, Format Version 12.00
# Visual Studio Version 17
VisualStudioVersion = 17.6.33801.468
MinimumVisualStudioVersion = 10.0.40219.1
Project("{8BC9CEB8-8B4A-11D0-8D11-00A0C91BC942}") = "Tic Tac Toe", "Tic Tac Toe\Tic Tac Toe.vcxproj", "{D280DE81-E6DC-41D3-8DB4-2815D52F2692}"
EndProject
Global
	GlobalSection(SolutionConfigurationPlatforms) = preSolution
		Debug|x64 = Debug|x64
		Release|x64 = Release|x64
	EndGlobalSection
	GlobalSection(ProjectConfigurationPlatforms) = postSolution
		{D280DE81-E6DC-41D3-8DB4-2815D52F2692}.Debug|x64.ActiveCfg = Debug|x64
		{D280DE81-E6DC-41D3-8DB4-2815D52F2692}.Debug|x64.Build.0 = Debug|x64
		{D280DE81-E6DC-41D3-8DB4-2815D52F2692}.Release|x64.ActiveCfg = Release|x64
		{D280DE81-E6DC-41D3-8DB4-2815D52F2692}.Release|x64.Build.0 = Release|x64
	EndGlobalSection
	GlobalSection(SolutionProperties) = preSolution
		HideSolutionNode = FALSE
	EndGlobalSection
	GlobalSection(ExtensibilityGlobals) = postSolution
		SolutionGuid = {A57C0789-620F-4E41-8B7D-46E3E0A2FD88}
	EndGlobalSection
EndGlobal
